
Microsoft Visual Studio Solution File, Format Version 12.00
# Visual Studio 15
VisualStudioVersion = 15.0.28010.2036
MinimumVisualStudioVersion = 10.0.40219.1
Project("{FAE04EC0-301F-11D3-BF4B-00C04F79EFBC}") = "OrganizerMVC", "OrganizerMVC\OrganizerMVC.csproj", "{89B81FC2-6E7C-4B78-AF49-85406C568744}"
EndProject
Project("{FAE04EC0-301F-11D3-BF4B-00C04F79EFBC}") = "OrganizerMVC.Tests", "OrganizerMVC.Tests\OrganizerMVC.Tests.csproj", "{2C45D9A2-3D63-47AD-883A-7EE061A38B6A}"
EndProject
Global
	GlobalSection(SolutionConfigurationPlatforms) = preSolution
		Debug|Any CPU = Debug|Any CPU
		Release|Any CPU = Release|Any CPU
	EndGlobalSection
	GlobalSection(ProjectConfigurationPlatforms) = postSolution
		{89B81FC2-6E7C-4B78-AF49-85406C568744}.Debug|Any CPU.ActiveCfg = Debug|Any CPU
		{89B81FC2-6E7C-4B78-AF49-85406C568744}.Debug|Any CPU.Build.0 = Debug|Any CPU
		{89B81FC2-6E7C-4B78-AF49-85406C568744}.Release|Any CPU.ActiveCfg = Release|Any CPU
		{89B81FC2-6E7C-4B78-AF49-85406C568744}.Release|Any CPU.Build.0 = Release|Any CPU
		{2C45D9A2-3D63-47AD-883A-7EE061A38B6A}.Debug|Any CPU.ActiveCfg = Debug|Any CPU
		{2C45D9A2-3D63-47AD-883A-7EE061A38B6A}.Debug|Any CPU.Build.0 = Debug|Any CPU
		{2C45D9A2-3D63-47AD-883A-7EE061A38B6A}.Release|Any CPU.ActiveCfg = Release|Any CPU
		{2C45D9A2-3D63-47AD-883A-7EE061A38B6A}.Release|Any CPU.Build.0 = Release|Any CPU
	EndGlobalSection
	GlobalSection(SolutionProperties) = preSolution
		HideSolutionNode = FALSE
	EndGlobalSection
	GlobalSection(ExtensibilityGlobals) = postSolution
		SolutionGuid = {3413BDBD-8A32-476D-9512-2FE21BF83FFB}
	EndGlobalSection
EndGlobal
